
Microsoft Visual Studio Solution File, Format Version 12.00
# Visual Studio Version 16
VisualStudioVersion = 16.0.29911.84
MinimumVisualStudioVersion = 10.0.40219.1
Project("{9A19103F-16F7-4668-BE54-9A1E7A4F7556}") = "ParallelSearch", "ParallelSearch\ParallelSearch.csproj", "{E0A1526D-E87F-4D9E-86D8-832FE1AC2CF9}"
EndProject
Project("{9A19103F-16F7-4668-BE54-9A1E7A4F7556}") = "ParallelSearchLibrary", "ParallelSearchLibrary\ParallelSearchLibrary.csproj", "{9C31021B-77BE-4C72-8AD1-C2BF8CDE2D43}"
EndProject
Project("{9A19103F-16F7-4668-BE54-9A1E7A4F7556}") = "ParallelSearchTestTool", "ParallelSearchTestTool\ParallelSearchTestTool.csproj", "{C0708486-66DD-4FFC-AECB-F0216AB95213}"
EndProject
Project("{2150E333-8FDC-42A3-9474-1A3956D46DE8}") = "Solution Items", "Solution Items", "{A347CEC4-AB60-43EE-A995-98013D96F755}"
	ProjectSection(SolutionItems) = preProject
		.editorconfig = .editorconfig
	EndProjectSection
EndProject
Project("{2150E333-8FDC-42A3-9474-1A3956D46DE8}") = "Tests", "Tests", "{09143B7B-5145-4444-A38B-1D2919BD1218}"
EndProject
Project("{FAE04EC0-301F-11D3-BF4B-00C04F79EFBC}") = "ParallelSearchLibraryTest", "ParallelSearchLibraryTest\ParallelSearchLibraryTest.csproj", "{C0F549F7-85EE-4585-BACF-CA69FB42A1A4}"
EndProject
Global
	GlobalSection(SolutionConfigurationPlatforms) = preSolution
		Debug|Any CPU = Debug|Any CPU
		Release|Any CPU = Release|Any CPU
	EndGlobalSection
	GlobalSection(ProjectConfigurationPlatforms) = postSolution
		{E0A1526D-E87F-4D9E-86D8-832FE1AC2CF9}.Debug|Any CPU.ActiveCfg = Debug|Any CPU
		{E0A1526D-E87F-4D9E-86D8-832FE1AC2CF9}.Debug|Any CPU.Build.0 = Debug|Any CPU
		{E0A1526D-E87F-4D9E-86D8-832FE1AC2CF9}.Release|Any CPU.ActiveCfg = Release|Any CPU
		{E0A1526D-E87F-4D9E-86D8-832FE1AC2CF9}.Release|Any CPU.Build.0 = Release|Any CPU
		{9C31021B-77BE-4C72-8AD1-C2BF8CDE2D43}.Debug|Any CPU.ActiveCfg = Debug|Any CPU
		{9C31021B-77BE-4C72-8AD1-C2BF8CDE2D43}.Debug|Any CPU.Build.0 = Debug|Any CPU
		{9C31021B-77BE-4C72-8AD1-C2BF8CDE2D43}.Release|Any CPU.ActiveCfg = Release|Any CPU
		{9C31021B-77BE-4C72-8AD1-C2BF8CDE2D43}.Release|Any CPU.Build.0 = Release|Any CPU
		{C0708486-66DD-4FFC-AECB-F0216AB95213}.Debug|Any CPU.ActiveCfg = Debug|Any CPU
		{C0708486-66DD-4FFC-AECB-F0216AB95213}.Debug|Any CPU.Build.0 = Debug|Any CPU
		{C0708486-66DD-4FFC-AECB-F0216AB95213}.Release|Any CPU.ActiveCfg = Release|Any CPU
		{C0708486-66DD-4FFC-AECB-F0216AB95213}.Release|Any CPU.Build.0 = Release|Any CPU
		{C0F549F7-85EE-4585-BACF-CA69FB42A1A4}.Debug|Any CPU.ActiveCfg = Debug|Any CPU
		{C0F549F7-85EE-4585-BACF-CA69FB42A1A4}.Debug|Any CPU.Build.0 = Debug|Any CPU
		{C0F549F7-85EE-4585-BACF-CA69FB42A1A4}.Release|Any CPU.ActiveCfg = Release|Any CPU
		{C0F549F7-85EE-4585-BACF-CA69FB42A1A4}.Release|Any CPU.Build.0 = Release|Any CPU
	EndGlobalSection
	GlobalSection(SolutionProperties) = preSolution
		HideSolutionNode = FALSE
	EndGlobalSection
	GlobalSection(NestedProjects) = preSolution
		{C0F549F7-85EE-4585-BACF-CA69FB42A1A4} = {09143B7B-5145-4444-A38B-1D2919BD1218}
	EndGlobalSection
	GlobalSection(ExtensibilityGlobals) = postSolution
		SolutionGuid = {D384A7CE-1F37-43F7-9248-AC55FDC9422C}
	EndGlobalSection
EndGlobal
